
Microsoft Visual Studio Solution File, Format Version 12.00
# Visual Studio 15
VisualStudioVersion = 15.0.27703.2026
MinimumVisualStudioVersion = 10.0.40219.1
Project("{FAE04EC0-301F-11D3-BF4B-00C04F79EFBC}") = "Exercise64", "Exercise64\Exercise64.csproj", "{A49A011A-2B23-408B-9B23-84ECCC8A6ECB}"
EndProject
Global
	GlobalSection(SolutionConfigurationPlatforms) = preSolution
		Debug|Any CPU = Debug|Any CPU
		Release|Any CPU = Release|Any CPU
	EndGlobalSection
	GlobalSection(ProjectConfigurationPlatforms) = postSolution
		{A49A011A-2B23-408B-9B23-84ECCC8A6ECB}.Debug|Any CPU.ActiveCfg = Debug|Any CPU
		{A49A011A-2B23-408B-9B23-84ECCC8A6ECB}.Debug|Any CPU.Build.0 = Debug|Any CPU
		{A49A011A-2B23-408B-9B23-84ECCC8A6ECB}.Release|Any CPU.ActiveCfg = Release|Any CPU
		{A49A011A-2B23-408B-9B23-84ECCC8A6ECB}.Release|Any CPU.Build.0 = Release|Any CPU
	EndGlobalSection
	GlobalSection(SolutionProperties) = preSolution
		HideSolutionNode = FALSE
	EndGlobalSection
	GlobalSection(ExtensibilityGlobals) = postSolution
		SolutionGuid = {DCAC4231-DC2F-47F6-A28B-695165EA9980}
	EndGlobalSection
EndGlobal
